
Microsoft Visual Studio Solution File, Format Version 12.00
# Visual Studio Version 17
VisualStudioVersion = 17.11.35222.181
MinimumVisualStudioVersion = 10.0.40219.1
Project("{FAE04EC0-301F-11D3-BF4B-00C04F79EFBC}") = "EduTrack", "EduTrack.csproj", "{6A059DA1-5775-4CA2-8291-2F3BFD8D9284}"
EndProject
Global
	GlobalSection(SolutionConfigurationPlatforms) = preSolution
		Debug|Any CPU = Debug|Any CPU
		Release|Any CPU = Release|Any CPU
	EndGlobalSection
	GlobalSection(ProjectConfigurationPlatforms) = postSolution
		{6A059DA1-5775-4CA2-8291-2F3BFD8D9284}.Debug|Any CPU.ActiveCfg = Debug|Any CPU
		{6A059DA1-5775-4CA2-8291-2F3BFD8D9284}.Debug|Any CPU.Build.0 = Debug|Any CPU
		{6A059DA1-5775-4CA2-8291-2F3BFD8D9284}.Release|Any CPU.ActiveCfg = Release|Any CPU
		{6A059DA1-5775-4CA2-8291-2F3BFD8D9284}.Release|Any CPU.Build.0 = Release|Any CPU
	EndGlobalSection
	GlobalSection(SolutionProperties) = preSolution
		HideSolutionNode = FALSE
	EndGlobalSection
	GlobalSection(ExtensibilityGlobals) = postSolution
		SolutionGuid = {E8BF0689-1534-4283-8498-4F70CF8A9D58}
	EndGlobalSection
EndGlobal
